// !$*UTF8*$!
{
	archiveVersion = 1;
	classes = {
	};
	objectVersion = 56;
	objects = {

/* Begin PBXBuildFile section */
		3B21722929C080AF009DB251 /* RingProgressView in Frameworks */ = {isa = PBXBuildFile; productRef = 3B21722829C080AF009DB251 /* RingProgressView */; };
		3B21724D29C1CF55009DB251 /* Localizable.strings in Resources */ = {isa = PBXBuildFile; fileRef = 3B21724B29C1CF55009DB251 /* Localizable.strings */; };
		3B6C06B729AF92180005988B /* MonthsUIExampleApp.swift in Sources */ = {isa = PBXBuildFile; fileRef = 3B6C06B629AF92180005988B /* MonthsUIExampleApp.swift */; };
		3B6C06BB29AF92210005988B /* Assets.xcassets in Resources */ = {isa = PBXBuildFile; fileRef = 3B6C06BA29AF92210005988B /* Assets.xcassets */; };
		3B9108C629B119DB0002B7C3 /* DynamicColor in Frameworks */ = {isa = PBXBuildFile; productRef = 3B9108C529B119DB0002B7C3 /* DynamicColor */; };
		3BC10CA229FDDDA600617DB7 /* MonthsUI in Frameworks */ = {isa = PBXBuildFile; productRef = 3BC10CA129FDDDA600617DB7 /* MonthsUI */; };
/* End PBXBuildFile section */

/* Begin PBXFileReference section */
		3B21724C29C1CF55009DB251 /* da */ = {isa = PBXFileReference; lastKnownFileType = text.plist.strings; name = da; path = da.lproj/Localizable.strings; sourceTree = "<group>"; };
		3B6C06B329AF92180005988B /* MonthsUIExample.app */ = {isa = PBXFileReference; explicitFileType = wrapper.application; includeInIndex = 0; path = MonthsUIExample.app; sourceTree = BUILT_PRODUCTS_DIR; };
		3B6C06B629AF92180005988B /* MonthsUIExampleApp.swift */ = {isa = PBXFileReference; lastKnownFileType = sourcecode.swift; path = MonthsUIExampleApp.swift; sourceTree = "<group>"; };
		3B6C06BA29AF92210005988B /* Assets.xcassets */ = {isa = PBXFileReference; lastKnownFileType = folder.assetcatalog; path = Assets.xcassets; sourceTree = "<group>"; };
		3BC738F929FDDD2300BD3041 /* months-ui */ = {isa = PBXFileReference; lastKnownFileType = wrapper; name = "months-ui"; path = ..; sourceTree = "<group>"; };
/* End PBXFileReference section */

/* Begin PBXFrameworksBuildPhase section */
		3B6C06B029AF92180005988B /* Frameworks */ = {
			isa = PBXFrameworksBuildPhase;
			buildActionMask = 2147483647;
			files = (
				3BC10CA229FDDDA600617DB7 /* MonthsUI in Frameworks */,
				3B9108C629B119DB0002B7C3 /* DynamicColor in Frameworks */,
				3B21722929C080AF009DB251 /* RingProgressView in Frameworks */,
			);
			runOnlyForDeploymentPostprocessing = 0;
		};
/* End PBXFrameworksBuildPhase section */

/* Begin PBXGroup section */
		3B6C06AA29AF92180005988B = {
			isa = PBXGroup;
			children = (
				3B6C06C429AF92730005988B /* Packages */,
				3B6C06B529AF92180005988B /* MonthsUIExample */,
				3B6C06B429AF92180005988B /* Products */,
				3B6C06C629AF95800005988B /* Frameworks */,
			);
			sourceTree = "<group>";
		};
		3B6C06B429AF92180005988B /* Products */ = {
			isa = PBXGroup;
			children = (
				3B6C06B329AF92180005988B /* MonthsUIExample.app */,
			);
			name = Products;
			sourceTree = "<group>";
		};
		3B6C06B529AF92180005988B /* MonthsUIExample */ = {
			isa = PBXGroup;
			children = (
				3B6C06B629AF92180005988B /* MonthsUIExampleApp.swift */,
				3B6C06BA29AF92210005988B /* Assets.xcassets */,
				3B21724B29C1CF55009DB251 /* Localizable.strings */,
			);
			path = MonthsUIExample;
			sourceTree = "<group>";
		};
		3B6C06C429AF92730005988B /* Packages */ = {
			isa = PBXGroup;
			children = (
				3BC738F929FDDD2300BD3041 /* months-ui */,
			);
			name = Packages;
			sourceTree = "<group>";
		};
		3B6C06C629AF95800005988B /* Frameworks */ = {
			isa = PBXGroup;
			children = (
			);
			name = Frameworks;
			sourceTree = "<group>";
		};
/* End PBXGroup section */

/* Begin PBXNativeTarget section */
		3B6C06B229AF92180005988B /* MonthsUIExample */ = {
			isa = PBXNativeTarget;
			buildConfigurationList = 3B6C06C129AF92210005988B /* Build configuration list for PBXNativeTarget "MonthsUIExample" */;
			buildPhases = (
				3B6C06AF29AF92180005988B /* Sources */,
				3B6C06B029AF92180005988B /* Frameworks */,
				3B6C06B129AF92180005988B /* Resources */,
			);
			buildRules = (
			);
			dependencies = (
			);
			name = MonthsUIExample;
			packageProductDependencies = (
				3B9108C529B119DB0002B7C3 /* DynamicColor */,
				3B21722829C080AF009DB251 /* RingProgressView */,
				3BC10CA129FDDDA600617DB7 /* MonthsUI */,
			);
			productName = CalendarUIExample;
			productReference = 3B6C06B329AF92180005988B /* MonthsUIExample.app */;
			productType = "com.apple.product-type.application";
		};
/* End PBXNativeTarget section */

/* Begin PBXProject section */
		3B6C06AB29AF92180005988B /* Project object */ = {
			isa = PBXProject;
			attributes = {
				BuildIndependentTargetsInParallel = 1;
				LastSwiftUpdateCheck = 1420;
				LastUpgradeCheck = 1430;
				TargetAttributes = {
					3B6C06B229AF92180005988B = {
						CreatedOnToolsVersion = 14.2;
					};
				};
			};
			buildConfigurationList = 3B6C06AE29AF92180005988B /* Build configuration list for PBXProject "MonthsUIExample" */;
			compatibilityVersion = "Xcode 14.0";
			developmentRegion = en;
			hasScannedForEncodings = 0;
			knownRegions = (
				en,
				Base,
				da,
			);
			mainGroup = 3B6C06AA29AF92180005988B;
			packageReferences = (
				3B9108C429B119DB0002B7C3 /* XCRemoteSwiftPackageReference "DynamicColor" */,
				3B21722729C080AF009DB251 /* XCRemoteSwiftPackageReference "ring-progress-view" */,
			);
			productRefGroup = 3B6C06B429AF92180005988B /* Products */;
			projectDirPath = "";
			projectRoot = "";
			targets = (
				3B6C06B229AF92180005988B /* MonthsUIExample */,
			);
		};
/* End PBXProject section */

/* Begin PBXResourcesBuildPhase section */
		3B6C06B129AF92180005988B /* Resources */ = {
			isa = PBXResourcesBuildPhase;
			buildActionMask = 2147483647;
			files = (
				3B6C06BB29AF92210005988B /* Assets.xcassets in Resources */,
				3B21724D29C1CF55009DB251 /* Localizable.strings in Resources */,
			);
			runOnlyForDeploymentPostprocessing = 0;
		};
/* End PBXResourcesBuildPhase section */

/* Begin PBXSourcesBuildPhase section */
		3B6C06AF29AF92180005988B /* Sources */ = {
			isa = PBXSourcesBuildPhase;
			buildActionMask = 2147483647;
			files = (
				3B6C06B729AF92180005988B /* MonthsUIExampleApp.swift in Sources */,
			);
			runOnlyForDeploymentPostprocessing = 0;
		};
/* End PBXSourcesBuildPhase section */

/* Begin PBXVariantGroup section */
		3B21724B29C1CF55009DB251 /* Localizable.strings */ = {
			isa = PBXVariantGroup;
			children = (
				3B21724C29C1CF55009DB251 /* da */,
			);
			name = Localizable.strings;
			sourceTree = "<group>";
		};
/* End PBXVariantGroup section */

/* Begin XCBuildConfiguration section */
		3B6C06BF29AF92210005988B /* Debug */ = {
			isa = XCBuildConfiguration;
			buildSettings = {
				ALWAYS_SEARCH_USER_PATHS = NO;
				CLANG_ANALYZER_LOCALIZABILITY_NONLOCALIZED = YES;
				CLANG_ANALYZER_NONNULL = YES;
				CLANG_ANALYZER_NUMBER_OBJECT_CONVERSION = YES_AGGRESSIVE;
				CLANG_CXX_LANGUAGE_STANDARD = "gnu++20";
				CLANG_ENABLE_MODULES = YES;
				CLANG_ENABLE_OBJC_ARC = YES;
				CLANG_ENABLE_OBJC_WEAK = YES;
				CLANG_WARN_BLOCK_CAPTURE_AUTORELEASING = YES;
				CLANG_WARN_BOOL_CONVERSION = YES;
				CLANG_WARN_COMMA = YES;
				CLANG_WARN_CONSTANT_CONVERSION = YES;
				CLANG_WARN_DEPRECATED_OBJC_IMPLEMENTATIONS = YES;
				CLANG_WARN_DIRECT_OBJC_ISA_USAGE = YES_ERROR;
				CLANG_WARN_DOCUMENTATION_COMMENTS = YES;
				CLANG_WARN_EMPTY_BODY = YES;
				CLANG_WARN_ENUM_CONVERSION = YES;
				CLANG_WARN_INFINITE_RECURSION = YES;
				CLANG_WARN_INT_CONVERSION = YES;
				CLANG_WARN_NON_LITERAL_NULL_CONVERSION = YES;
				CLANG_WARN_OBJC_IMPLICIT_RETAIN_SELF = YES;
				CLANG_WARN_OBJC_LITERAL_CONVERSION = YES;
				CLANG_WARN_OBJC_ROOT_CLASS = YES_ERROR;
				CLANG_WARN_QUOTED_INCLUDE_IN_FRAMEWORK_HEADER = YES;
				CLANG_WARN_RANGE_LOOP_ANALYSIS = YES;
				CLANG_WARN_STRICT_PROTOTYPES = YES;
				CLANG_WARN_SUSPICIOUS_MOVE = YES;
				CLANG_WARN_UNGUARDED_AVAILABILITY = YES_AGGRESSIVE;
				CLANG_WARN_UNREACHABLE_CODE = YES;
				CLANG_WARN__DUPLICATE_METHOD_MATCH = YES;
				COPY_PHASE_STRIP = NO;
				DEBUG_INFORMATION_FORMAT = dwarf;
				ENABLE_STRICT_OBJC_MSGSEND = YES;
				ENABLE_TESTABILITY = YES;
				GCC_C_LANGUAGE_STANDARD = gnu11;
				GCC_DYNAMIC_NO_PIC = NO;
				GCC_NO_COMMON_BLOCKS = YES;
				GCC_OPTIMIZATION_LEVEL = 0;
				GCC_PREPROCESSOR_DEFINITIONS = (
					"DEBUG=1",
					"$(inherited)",
				);
				GCC_WARN_64_TO_32_BIT_CONVERSION = YES;
				GCC_WARN_ABOUT_RETURN_TYPE = YES_ERROR;
				GCC_WARN_UNDECLARED_SELECTOR = YES;
				GCC_WARN_UNINITIALIZED_AUTOS = YES_AGGRESSIVE;
				GCC_WARN_UNUSED_FUNCTION = YES;
				GCC_WARN_UNUSED_VARIABLE = YES;
				IPHONEOS_DEPLOYMENT_TARGET = 16.2;
				MTL_ENABLE_DEBUG_INFO = INCLUDE_SOURCE;
				MTL_FAST_MATH = YES;
				ONLY_ACTIVE_ARCH = YES;
				SDKROOT = iphoneos;
				SWIFT_ACTIVE_COMPILATION_CONDITIONS = DEBUG;
				SWIFT_OPTIMIZATION_LEVEL = "-Onone";
			};
			name = Debug;
		};
		3B6C06C029AF92210005988B /* Release */ = {
			isa = XCBuildConfiguration;
			buildSettings = {
				ALWAYS_SEARCH_USER_PATHS = NO;
				CLANG_ANALYZER_LOCALIZABILITY_NONLOCALIZED = YES;
				CLANG_ANALYZER_NONNULL = YES;
				CLANG_ANALYZER_NUMBER_OBJECT_CONVERSION = YES_AGGRESSIVE;
				CLANG_CXX_LANGUAGE_STANDARD = "gnu++20";
				CLANG_ENABLE_MODULES = YES;
				CLANG_ENABLE_OBJC_ARC = YES;
				CLANG_ENABLE_OBJC_WEAK = YES;
				CLANG_WARN_BLOCK_CAPTURE_AUTORELEASING = YES;
				CLANG_WARN_BOOL_CONVERSION = YES;
				CLANG_WARN_COMMA = YES;
				CLANG_WARN_CONSTANT_CONVERSION = YES;
				CLANG_WARN_DEPRECATED_OBJC_IMPLEMENTATIONS = YES;
				CLANG_WARN_DIRECT_OBJC_ISA_USAGE = YES_ERROR;
				CLANG_WARN_DOCUMENTATION_COMMENTS = YES;
				CLANG_WARN_EMPTY_BODY = YES;
				CLANG_WARN_ENUM_CONVERSION = YES;
				CLANG_WARN_INFINITE_RECURSION = YES;
				CLANG_WARN_INT_CONVERSION = YES;
				CLANG_WARN_NON_LITERAL_NULL_CONVERSION = YES;
				CLANG_WARN_OBJC_IMPLICIT_RETAIN_SELF = YES;
				CLANG_WARN_OBJC_LITERAL_CONVERSION = YES;
				CLANG_WARN_OBJC_ROOT_CLASS = YES_ERROR;
				CLANG_WARN_QUOTED_INCLUDE_IN_FRAMEWORK_HEADER = YES;
				CLANG_WARN_RANGE_LOOP_ANALYSIS = YES;
				CLANG_WARN_STRICT_PROTOTYPES = YES;
				CLANG_WARN_SUSPICIOUS_MOVE = YES;
				CLANG_WARN_UNGUARDED_AVAILABILITY = YES_AGGRESSIVE;
				CLANG_WARN_UNREACHABLE_CODE = YES;
				CLANG_WARN__DUPLICATE_METHOD_MATCH = YES;
				COPY_PHASE_STRIP = NO;
				DEBUG_INFORMATION_FORMAT = "dwarf-with-dsym";
				ENABLE_NS_ASSERTIONS = NO;
				ENABLE_STRICT_OBJC_MSGSEND = YES;
				GCC_C_LANGUAGE_STANDARD = gnu11;
				GCC_NO_COMMON_BLOCKS = YES;
				GCC_WARN_64_TO_32_BIT_CONVERSION = YES;
				GCC_WARN_ABOUT_RETURN_TYPE = YES_ERROR;
				GCC_WARN_UNDECLARED_SELECTOR = YES;
				GCC_WARN_UNINITIALIZED_AUTOS = YES_AGGRESSIVE;
				GCC_WARN_UNUSED_FUNCTION = YES;
				GCC_WARN_UNUSED_VARIABLE = YES;
				IPHONEOS_DEPLOYMENT_TARGET = 16.2;
				MTL_ENABLE_DEBUG_INFO = NO;
				MTL_FAST_MATH = YES;
				SDKROOT = iphoneos;
				SWIFT_COMPILATION_MODE = wholemodule;
				SWIFT_OPTIMIZATION_LEVEL = "-O";
				VALIDATE_PRODUCT = YES;
			};
			name = Release;
		};
		3B6C06C229AF92210005988B /* Debug */ = {
			isa = XCBuildConfiguration;
			buildSettings = {
				ASSETCATALOG_COMPILER_APPICON_NAME = AppIcon;
				ASSETCATALOG_COMPILER_GLOBAL_ACCENT_COLOR_NAME = AccentColor;
				CODE_SIGN_STYLE = Automatic;
				CURRENT_PROJECT_VERSION = 1;
				DEVELOPMENT_ASSET_PATHS = "";
				DEVELOPMENT_TEAM = WP9Q67QBW2;
				ENABLE_PREVIEWS = YES;
				GENERATE_INFOPLIST_FILE = YES;
				INFOPLIST_KEY_UIApplicationSceneManifest_Generation = YES;
				INFOPLIST_KEY_UIApplicationSupportsIndirectInputEvents = YES;
				INFOPLIST_KEY_UILaunchScreen_Generation = YES;
				INFOPLIST_KEY_UISupportedInterfaceOrientations_iPad = "UIInterfaceOrientationPortrait UIInterfaceOrientationPortraitUpsideDown UIInterfaceOrientationLandscapeLeft UIInterfaceOrientationLandscapeRight";
				INFOPLIST_KEY_UISupportedInterfaceOrientations_iPhone = "UIInterfaceOrientationPortrait UIInterfaceOrientationLandscapeLeft UIInterfaceOrientationLandscapeRight";
				LD_RUNPATH_SEARCH_PATHS = (
					"$(inherited)",
					"@executable_path/Frameworks",
				);
				MARKETING_VERSION = 1.0;
				PRODUCT_BUNDLE_IDENTIFIER = local.MonthsUIExample;
				PRODUCT_NAME = "$(TARGET_NAME)";
				SWIFT_EMIT_LOC_STRINGS = YES;
				SWIFT_VERSION = 5.0;
				TARGETED_DEVICE_FAMILY = "1,2";
			};
			name = Debug;
		};
		3B6C06C329AF92210005988B /* Release */ = {
			isa = XCBuildConfiguration;
			buildSettings = {
				ASSETCATALOG_COMPILER_APPICON_NAME = AppIcon;
				ASSETCATALOG_COMPILER_GLOBAL_ACCENT_COLOR_NAME = AccentColor;
				CODE_SIGN_STYLE = Automatic;
				CURRENT_PROJECT_VERSION = 1;
				DEVELOPMENT_ASSET_PATHS = "";
				DEVELOPMENT_TEAM = WP9Q67QBW2;
				ENABLE_PREVIEWS = YES;
				GENERATE_INFOPLIST_FILE = YES;
				INFOPLIST_KEY_UIApplicationSceneManifest_Generation = YES;
				INFOPLIST_KEY_UIApplicationSupportsIndirectInputEvents = YES;
				INFOPLIST_KEY_UILaunchScreen_Generation = YES;
				INFOPLIST_KEY_UISupportedInterfaceOrientations_iPad = "UIInterfaceOrientationPortrait UIInterfaceOrientationPortraitUpsideDown UIInterfaceOrientationLandscapeLeft UIInterfaceOrientationLandscapeRight";
				INFOPLIST_KEY_UISupportedInterfaceOrientations_iPhone = "UIInterfaceOrientationPortrait UIInterfaceOrientationLandscapeLeft UIInterfaceOrientationLandscapeRight";
				LD_RUNPATH_SEARCH_PATHS = (
					"$(inherited)",
					"@executable_path/Frameworks",
				);
				MARKETING_VERSION = 1.0;
				PRODUCT_BUNDLE_IDENTIFIER = local.MonthsUIExample;
				PRODUCT_NAME = "$(TARGET_NAME)";
				SWIFT_EMIT_LOC_STRINGS = YES;
				SWIFT_VERSION = 5.0;
				TARGETED_DEVICE_FAMILY = "1,2";
			};
			name = Release;
		};
/* End XCBuildConfiguration section */

/* Begin XCConfigurationList section */
		3B6C06AE29AF92180005988B /* Build configuration list for PBXProject "MonthsUIExample" */ = {
			isa = XCConfigurationList;
			buildConfigurations = (
				3B6C06BF29AF92210005988B /* Debug */,
				3B6C06C029AF92210005988B /* Release */,
			);
			defaultConfigurationIsVisible = 0;
			defaultConfigurationName = Release;
		};
		3B6C06C129AF92210005988B /* Build configuration list for PBXNativeTarget "MonthsUIExample" */ = {
			isa = XCConfigurationList;
			buildConfigurations = (
				3B6C06C229AF92210005988B /* Debug */,
				3B6C06C329AF92210005988B /* Release */,
			);
			defaultConfigurationIsVisible = 0;
			defaultConfigurationName = Release;
		};
/* End XCConfigurationList section */

/* Begin XCRemoteSwiftPackageReference section */
		3B21722729C080AF009DB251 /* XCRemoteSwiftPackageReference "ring-progress-view" */ = {
			isa = XCRemoteSwiftPackageReference;
			repositoryURL = "https://github.com/freyaalminde/ring-progress-view.git";
			requirement = {
				branch = master;
				kind = branch;
			};
		};
		3B9108C429B119DB0002B7C3 /* XCRemoteSwiftPackageReference "DynamicColor" */ = {
			isa = XCRemoteSwiftPackageReference;
			repositoryURL = "https://github.com/yannickl/DynamicColor.git";
			requirement = {
				kind = upToNextMajorVersion;
				minimumVersion = 5.0.0;
			};
		};
/* End XCRemoteSwiftPackageReference section */

/* Begin XCSwiftPackageProductDependency section */
		3B21722829C080AF009DB251 /* RingProgressView */ = {
			isa = XCSwiftPackageProductDependency;
			package = 3B21722729C080AF009DB251 /* XCRemoteSwiftPackageReference "ring-progress-view" */;
			productName = RingProgressView;
		};
		3B9108C529B119DB0002B7C3 /* DynamicColor */ = {
			isa = XCSwiftPackageProductDependency;
			package = 3B9108C429B119DB0002B7C3 /* XCRemoteSwiftPackageReference "DynamicColor" */;
			productName = DynamicColor;
		};
		3BC10CA129FDDDA600617DB7 /* MonthsUI */ = {
			isa = XCSwiftPackageProductDependency;
			productName = MonthsUI;
		};
/* End XCSwiftPackageProductDependency section */
	};
	rootObject = 3B6C06AB29AF92180005988B /* Project object */;
}
